
Microsoft Visual Studio Solution File, Format Version 12.00
# Visual Studio 14
VisualStudioVersion = 14.0.25420.1
MinimumVisualStudioVersion = 10.0.40219.1
Project("{FAE04EC0-301F-11D3-BF4B-00C04F79EFBC}") = "Operator_overloading", "Operator_overloading\Operator_overloading.csproj", "{DB4B9D25-567F-4988-94F3-03AB1011D959}"
EndProject
Project("{FAE04EC0-301F-11D3-BF4B-00C04F79EFBC}") = "Indexer", "Indexer\Indexer.csproj", "{CD496844-F294-4017-AE0A-DA7FA8099418}"
EndProject
Project("{FAE04EC0-301F-11D3-BF4B-00C04F79EFBC}") = "Generics", "Generics\Generics.csproj", "{D255A93F-3575-4616-83A0-E59E636127A0}"
EndProject
Project("{FAE04EC0-301F-11D3-BF4B-00C04F79EFBC}") = "Exceptions", "Exceptions\Exceptions.csproj", "{E157384D-8F81-42D1-BA96-273298C1001B}"
EndProject
Project("{FAE04EC0-301F-11D3-BF4B-00C04F79EFBC}") = "polygons_cs", "..\polygons_cs\polygons_cs\polygons_cs.csproj", "{7F10EA04-86E8-4335-B9A5-54688087817A}"
EndProject
Project("{2150E333-8FDC-42A3-9474-1A3956D46DE8}") = "Solution Items", "Solution Items", "{EE73D4D8-9A1A-4628-8C37-E1478D9E8968}"
	ProjectSection(SolutionItems) = preProject
		README.md = README.md
	EndProjectSection
EndProject
Project("{2150E333-8FDC-42A3-9474-1A3956D46DE8}") = "doc", "doc", "{BC9264FB-7F24-4389-9E68-95CC7B540C58}"
	ProjectSection(SolutionItems) = preProject
		doc\Learning_by_doing.md = doc\Learning_by_doing.md
	EndProjectSection
EndProject
Project("{2150E333-8FDC-42A3-9474-1A3956D46DE8}") = "Learning_by_doing", "Learning_by_doing", "{E7233E91-B97B-460A-94AC-98B6145D5817}"
	ProjectSection(SolutionItems) = preProject
		doc\Learning_by_doing\DotNET.md = doc\Learning_by_doing\DotNET.md
		doc\Learning_by_doing\LanguageCSharp.md = doc\Learning_by_doing\LanguageCSharp.md
		doc\Learning_by_doing\LanguageJS.md = doc\Learning_by_doing\LanguageJS.md
		doc\Learning_by_doing\Logging.md = doc\Learning_by_doing\Logging.md
		doc\Learning_by_doing\ServiceFabric.md = doc\Learning_by_doing\ServiceFabric.md
		doc\Learning_by_doing\Testing.md = doc\Learning_by_doing\Testing.md
		doc\Learning_by_doing\Tools.md = doc\Learning_by_doing\Tools.md
	EndProjectSection
EndProject
Project("{2150E333-8FDC-42A3-9474-1A3956D46DE8}") = "Tools", "Tools", "{C8E6821A-93D1-4884-8443-F77038ACC852}"
	ProjectSection(SolutionItems) = preProject
		doc\Learnaing_by_doing\Tools\Cygwin.md = doc\Learnaing_by_doing\Tools\Cygwin.md
		doc\Learnaing_by_doing\Tools\Screen.md = doc\Learnaing_by_doing\Tools\Screen.md
		doc\Learnaing_by_doing\Tools\Vim.md = doc\Learnaing_by_doing\Tools\Vim.md
		doc\Learnaing_by_doing\Tools\Visualstudio.md = doc\Learnaing_by_doing\Tools\Visualstudio.md
	EndProjectSection
EndProject
Project("{FAE04EC0-301F-11D3-BF4B-00C04F79EFBC}") = "Reflection", "Reflection\Reflection.csproj", "{D6698CC3-00B9-424F-BBC4-78B2FA4451BF}"
EndProject
Project("{FAE04EC0-301F-11D3-BF4B-00C04F79EFBC}") = "SimpleActors", "SimpleActors\SimpleActors.csproj", "{B4E3205F-65F8-40A8-8E7A-C16D489357DA}"
EndProject
Project("{FAE04EC0-301F-11D3-BF4B-00C04F79EFBC}") = "NUnitQuickStart", "NUnitQuickStart\NUnitQuickStart.csproj", "{2791C109-A27B-4B85-AE42-37176AD8DC71}"
EndProject
Project("{FAE04EC0-301F-11D3-BF4B-00C04F79EFBC}") = "Linq", "Linq\Linq.csproj", "{678575C0-4124-4BF2-899B-E24596DD9F6D}"
EndProject
Project("{2150E333-8FDC-42A3-9474-1A3956D46DE8}") = "ServiceFabric", "ServiceFabric", "{57F0D026-FC77-43C4-8C50-A547ED759E03}"
EndProject
Project("{2150E333-8FDC-42A3-9474-1A3956D46DE8}") = "Thread", "Thread", "{36A03063-1594-41C9-A7D6-9B6E6964F7E2}"
EndProject
Project("{2150E333-8FDC-42A3-9474-1A3956D46DE8}") = "Concurrency", "Concurrency", "{E008CF0D-40F4-47E4-ADF8-4FF783D22751}"
EndProject
Project("{2150E333-8FDC-42A3-9474-1A3956D46DE8}") = "Task", "Task", "{64711C86-7B39-4885-A96A-AF9BED96807B}"
EndProject
Project("{FAE04EC0-301F-11D3-BF4B-00C04F79EFBC}") = "CancellationToken", "Concurrency\Task\CancellationToken\CancellationToken.csproj", "{DF550C9C-63E1-4896-AB1D-D38EF8E6BDA3}"
EndProject
Project("{FAE04EC0-301F-11D3-BF4B-00C04F79EFBC}") = "Multithreading", "Concurrency\Thread\Multithreading\Multithreading.csproj", "{47E27590-B8EF-46E5-A027-549A1896EDDC}"
EndProject
Global
	GlobalSection(SolutionConfigurationPlatforms) = preSolution
		Debug|Any CPU = Debug|Any CPU
		Debug|x64 = Debug|x64
		Release|Any CPU = Release|Any CPU
		Release|x64 = Release|x64
	EndGlobalSection
	GlobalSection(ProjectConfigurationPlatforms) = postSolution
		{DB4B9D25-567F-4988-94F3-03AB1011D959}.Debug|Any CPU.ActiveCfg = Debug|Any CPU
		{DB4B9D25-567F-4988-94F3-03AB1011D959}.Debug|Any CPU.Build.0 = Debug|Any CPU
		{DB4B9D25-567F-4988-94F3-03AB1011D959}.Debug|x64.ActiveCfg = Debug|Any CPU
		{DB4B9D25-567F-4988-94F3-03AB1011D959}.Debug|x64.Build.0 = Debug|Any CPU
		{DB4B9D25-567F-4988-94F3-03AB1011D959}.Release|Any CPU.ActiveCfg = Release|Any CPU
		{DB4B9D25-567F-4988-94F3-03AB1011D959}.Release|Any CPU.Build.0 = Release|Any CPU
		{DB4B9D25-567F-4988-94F3-03AB1011D959}.Release|x64.ActiveCfg = Release|Any CPU
		{DB4B9D25-567F-4988-94F3-03AB1011D959}.Release|x64.Build.0 = Release|Any CPU
		{CD496844-F294-4017-AE0A-DA7FA8099418}.Debug|Any CPU.ActiveCfg = Debug|Any CPU
		{CD496844-F294-4017-AE0A-DA7FA8099418}.Debug|Any CPU.Build.0 = Debug|Any CPU
		{CD496844-F294-4017-AE0A-DA7FA8099418}.Debug|x64.ActiveCfg = Debug|Any CPU
		{CD496844-F294-4017-AE0A-DA7FA8099418}.Debug|x64.Build.0 = Debug|Any CPU
		{CD496844-F294-4017-AE0A-DA7FA8099418}.Release|Any CPU.ActiveCfg = Release|Any CPU
		{CD496844-F294-4017-AE0A-DA7FA8099418}.Release|Any CPU.Build.0 = Release|Any CPU
		{CD496844-F294-4017-AE0A-DA7FA8099418}.Release|x64.ActiveCfg = Release|Any CPU
		{CD496844-F294-4017-AE0A-DA7FA8099418}.Release|x64.Build.0 = Release|Any CPU
		{D255A93F-3575-4616-83A0-E59E636127A0}.Debug|Any CPU.ActiveCfg = Debug|Any CPU
		{D255A93F-3575-4616-83A0-E59E636127A0}.Debug|Any CPU.Build.0 = Debug|Any CPU
		{D255A93F-3575-4616-83A0-E59E636127A0}.Debug|x64.ActiveCfg = Debug|Any CPU
		{D255A93F-3575-4616-83A0-E59E636127A0}.Debug|x64.Build.0 = Debug|Any CPU
		{D255A93F-3575-4616-83A0-E59E636127A0}.Release|Any CPU.ActiveCfg = Release|Any CPU
		{D255A93F-3575-4616-83A0-E59E636127A0}.Release|Any CPU.Build.0 = Release|Any CPU
		{D255A93F-3575-4616-83A0-E59E636127A0}.Release|x64.ActiveCfg = Release|Any CPU
		{D255A93F-3575-4616-83A0-E59E636127A0}.Release|x64.Build.0 = Release|Any CPU
		{E157384D-8F81-42D1-BA96-273298C1001B}.Debug|Any CPU.ActiveCfg = Debug|Any CPU
		{E157384D-8F81-42D1-BA96-273298C1001B}.Debug|Any CPU.Build.0 = Debug|Any CPU
		{E157384D-8F81-42D1-BA96-273298C1001B}.Debug|x64.ActiveCfg = Debug|Any CPU
		{E157384D-8F81-42D1-BA96-273298C1001B}.Debug|x64.Build.0 = Debug|Any CPU
		{E157384D-8F81-42D1-BA96-273298C1001B}.Release|Any CPU.ActiveCfg = Release|Any CPU
		{E157384D-8F81-42D1-BA96-273298C1001B}.Release|Any CPU.Build.0 = Release|Any CPU
		{E157384D-8F81-42D1-BA96-273298C1001B}.Release|x64.ActiveCfg = Release|Any CPU
		{E157384D-8F81-42D1-BA96-273298C1001B}.Release|x64.Build.0 = Release|Any CPU
		{7F10EA04-86E8-4335-B9A5-54688087817A}.Debug|Any CPU.ActiveCfg = Debug|Any CPU
		{7F10EA04-86E8-4335-B9A5-54688087817A}.Debug|Any CPU.Build.0 = Debug|Any CPU
		{7F10EA04-86E8-4335-B9A5-54688087817A}.Debug|x64.ActiveCfg = Debug|Any CPU
		{7F10EA04-86E8-4335-B9A5-54688087817A}.Debug|x64.Build.0 = Debug|Any CPU
		{7F10EA04-86E8-4335-B9A5-54688087817A}.Release|Any CPU.ActiveCfg = Release|Any CPU
		{7F10EA04-86E8-4335-B9A5-54688087817A}.Release|Any CPU.Build.0 = Release|Any CPU
		{7F10EA04-86E8-4335-B9A5-54688087817A}.Release|x64.ActiveCfg = Release|Any CPU
		{7F10EA04-86E8-4335-B9A5-54688087817A}.Release|x64.Build.0 = Release|Any CPU
		{D6698CC3-00B9-424F-BBC4-78B2FA4451BF}.Debug|Any CPU.ActiveCfg = Debug|Any CPU
		{D6698CC3-00B9-424F-BBC4-78B2FA4451BF}.Debug|Any CPU.Build.0 = Debug|Any CPU
		{D6698CC3-00B9-424F-BBC4-78B2FA4451BF}.Debug|x64.ActiveCfg = Debug|Any CPU
		{D6698CC3-00B9-424F-BBC4-78B2FA4451BF}.Debug|x64.Build.0 = Debug|Any CPU
		{D6698CC3-00B9-424F-BBC4-78B2FA4451BF}.Release|Any CPU.ActiveCfg = Release|Any CPU
		{D6698CC3-00B9-424F-BBC4-78B2FA4451BF}.Release|Any CPU.Build.0 = Release|Any CPU
		{D6698CC3-00B9-424F-BBC4-78B2FA4451BF}.Release|x64.ActiveCfg = Release|Any CPU
		{D6698CC3-00B9-424F-BBC4-78B2FA4451BF}.Release|x64.Build.0 = Release|Any CPU
		{B4E3205F-65F8-40A8-8E7A-C16D489357DA}.Debug|Any CPU.ActiveCfg = Debug|Any CPU
		{B4E3205F-65F8-40A8-8E7A-C16D489357DA}.Debug|Any CPU.Build.0 = Debug|Any CPU
		{B4E3205F-65F8-40A8-8E7A-C16D489357DA}.Debug|x64.ActiveCfg = Debug|Any CPU
		{B4E3205F-65F8-40A8-8E7A-C16D489357DA}.Debug|x64.Build.0 = Debug|Any CPU
		{B4E3205F-65F8-40A8-8E7A-C16D489357DA}.Release|Any CPU.ActiveCfg = Release|Any CPU
		{B4E3205F-65F8-40A8-8E7A-C16D489357DA}.Release|Any CPU.Build.0 = Release|Any CPU
		{B4E3205F-65F8-40A8-8E7A-C16D489357DA}.Release|x64.ActiveCfg = Release|Any CPU
		{B4E3205F-65F8-40A8-8E7A-C16D489357DA}.Release|x64.Build.0 = Release|Any CPU
		{2791C109-A27B-4B85-AE42-37176AD8DC71}.Debug|Any CPU.ActiveCfg = Debug|Any CPU
		{2791C109-A27B-4B85-AE42-37176AD8DC71}.Debug|Any CPU.Build.0 = Debug|Any CPU
		{2791C109-A27B-4B85-AE42-37176AD8DC71}.Debug|x64.ActiveCfg = Debug|Any CPU
		{2791C109-A27B-4B85-AE42-37176AD8DC71}.Debug|x64.Build.0 = Debug|Any CPU
		{2791C109-A27B-4B85-AE42-37176AD8DC71}.Release|Any CPU.ActiveCfg = Release|Any CPU
		{2791C109-A27B-4B85-AE42-37176AD8DC71}.Release|Any CPU.Build.0 = Release|Any CPU
		{2791C109-A27B-4B85-AE42-37176AD8DC71}.Release|x64.ActiveCfg = Release|Any CPU
		{2791C109-A27B-4B85-AE42-37176AD8DC71}.Release|x64.Build.0 = Release|Any CPU
		{678575C0-4124-4BF2-899B-E24596DD9F6D}.Debug|Any CPU.ActiveCfg = Debug|Any CPU
		{678575C0-4124-4BF2-899B-E24596DD9F6D}.Debug|Any CPU.Build.0 = Debug|Any CPU
		{678575C0-4124-4BF2-899B-E24596DD9F6D}.Debug|x64.ActiveCfg = Debug|Any CPU
		{678575C0-4124-4BF2-899B-E24596DD9F6D}.Debug|x64.Build.0 = Debug|Any CPU
		{678575C0-4124-4BF2-899B-E24596DD9F6D}.Release|Any CPU.ActiveCfg = Release|Any CPU
		{678575C0-4124-4BF2-899B-E24596DD9F6D}.Release|Any CPU.Build.0 = Release|Any CPU
		{678575C0-4124-4BF2-899B-E24596DD9F6D}.Release|x64.ActiveCfg = Release|Any CPU
		{678575C0-4124-4BF2-899B-E24596DD9F6D}.Release|x64.Build.0 = Release|Any CPU
		{DF550C9C-63E1-4896-AB1D-D38EF8E6BDA3}.Debug|Any CPU.ActiveCfg = Debug|Any CPU
		{DF550C9C-63E1-4896-AB1D-D38EF8E6BDA3}.Debug|Any CPU.Build.0 = Debug|Any CPU
		{DF550C9C-63E1-4896-AB1D-D38EF8E6BDA3}.Debug|x64.ActiveCfg = Debug|Any CPU
		{DF550C9C-63E1-4896-AB1D-D38EF8E6BDA3}.Debug|x64.Build.0 = Debug|Any CPU
		{DF550C9C-63E1-4896-AB1D-D38EF8E6BDA3}.Release|Any CPU.ActiveCfg = Release|Any CPU
		{DF550C9C-63E1-4896-AB1D-D38EF8E6BDA3}.Release|Any CPU.Build.0 = Release|Any CPU
		{DF550C9C-63E1-4896-AB1D-D38EF8E6BDA3}.Release|x64.ActiveCfg = Release|Any CPU
		{DF550C9C-63E1-4896-AB1D-D38EF8E6BDA3}.Release|x64.Build.0 = Release|Any CPU
		{47E27590-B8EF-46E5-A027-549A1896EDDC}.Debug|Any CPU.ActiveCfg = Debug|Any CPU
		{47E27590-B8EF-46E5-A027-549A1896EDDC}.Debug|Any CPU.Build.0 = Debug|Any CPU
		{47E27590-B8EF-46E5-A027-549A1896EDDC}.Debug|x64.ActiveCfg = Debug|Any CPU
		{47E27590-B8EF-46E5-A027-549A1896EDDC}.Debug|x64.Build.0 = Debug|Any CPU
		{47E27590-B8EF-46E5-A027-549A1896EDDC}.Release|Any CPU.ActiveCfg = Release|Any CPU
		{47E27590-B8EF-46E5-A027-549A1896EDDC}.Release|Any CPU.Build.0 = Release|Any CPU
		{47E27590-B8EF-46E5-A027-549A1896EDDC}.Release|x64.ActiveCfg = Release|Any CPU
		{47E27590-B8EF-46E5-A027-549A1896EDDC}.Release|x64.Build.0 = Release|Any CPU
	EndGlobalSection
	GlobalSection(SolutionProperties) = preSolution
		HideSolutionNode = FALSE
	EndGlobalSection
	GlobalSection(NestedProjects) = preSolution
		{BC9264FB-7F24-4389-9E68-95CC7B540C58} = {EE73D4D8-9A1A-4628-8C37-E1478D9E8968}
		{E7233E91-B97B-460A-94AC-98B6145D5817} = {BC9264FB-7F24-4389-9E68-95CC7B540C58}
		{C8E6821A-93D1-4884-8443-F77038ACC852} = {E7233E91-B97B-460A-94AC-98B6145D5817}
		{36A03063-1594-41C9-A7D6-9B6E6964F7E2} = {E008CF0D-40F4-47E4-ADF8-4FF783D22751}
		{64711C86-7B39-4885-A96A-AF9BED96807B} = {E008CF0D-40F4-47E4-ADF8-4FF783D22751}
		{DF550C9C-63E1-4896-AB1D-D38EF8E6BDA3} = {64711C86-7B39-4885-A96A-AF9BED96807B}
		{47E27590-B8EF-46E5-A027-549A1896EDDC} = {36A03063-1594-41C9-A7D6-9B6E6964F7E2}
	EndGlobalSection
EndGlobal
